
Microsoft Visual Studio Solution File, Format Version 12.00
# Visual Studio 15
Project("{FAE04EC0-301F-11D3-BF4B-00C04F79EFBC}") = "SampleFeatureInstructions", "SampleFeatureInstructions\SampleFeatureInstructions.csproj", "{52144F8B-1BA3-4774-9C19-59B0B0CD9554}"
EndProject
Global
	GlobalSection(SolutionConfigurationPlatforms) = preSolution
		Debug|iPhoneSimulator = Debug|iPhoneSimulator
		Release|iPhoneSimulator = Release|iPhoneSimulator
		Debug|iPhone = Debug|iPhone
		Release|iPhone = Release|iPhone
	EndGlobalSection
	GlobalSection(ProjectConfigurationPlatforms) = postSolution
		{52144F8B-1BA3-4774-9C19-59B0B0CD9554}.Debug|iPhoneSimulator.ActiveCfg = Debug|iPhoneSimulator
		{52144F8B-1BA3-4774-9C19-59B0B0CD9554}.Debug|iPhoneSimulator.Build.0 = Debug|iPhoneSimulator
		{52144F8B-1BA3-4774-9C19-59B0B0CD9554}.Release|iPhoneSimulator.ActiveCfg = Release|iPhoneSimulator
		{52144F8B-1BA3-4774-9C19-59B0B0CD9554}.Release|iPhoneSimulator.Build.0 = Release|iPhoneSimulator
		{52144F8B-1BA3-4774-9C19-59B0B0CD9554}.Debug|iPhone.ActiveCfg = Debug|iPhone
		{52144F8B-1BA3-4774-9C19-59B0B0CD9554}.Debug|iPhone.Build.0 = Debug|iPhone
		{52144F8B-1BA3-4774-9C19-59B0B0CD9554}.Release|iPhone.ActiveCfg = Release|iPhone
		{52144F8B-1BA3-4774-9C19-59B0B0CD9554}.Release|iPhone.Build.0 = Release|iPhone
	EndGlobalSection
EndGlobal
